
Microsoft Visual Studio Solution File, Format Version 12.00
# Visual Studio Version 17
VisualStudioVersion = 17.5.33424.131
MinimumVisualStudioVersion = 10.0.40219.1
Project("{FAE04EC0-301F-11D3-BF4B-00C04F79EFBC}") = "Receive and Send Messages with RabbitMQ", "Receive and Send Messages with RabbitMQ.csproj", "{4913D893-3571-4780-A922-C5AE9EC7797B}"
EndProject
Global
	GlobalSection(SolutionConfigurationPlatforms) = preSolution
		Debug|Any CPU = Debug|Any CPU
		Release|Any CPU = Release|Any CPU
	EndGlobalSection
	GlobalSection(ProjectConfigurationPlatforms) = postSolution
		{4913D893-3571-4780-A922-C5AE9EC7797B}.Debug|Any CPU.ActiveCfg = Debug|Any CPU
		{4913D893-3571-4780-A922-C5AE9EC7797B}.Debug|Any CPU.Build.0 = Debug|Any CPU
		{4913D893-3571-4780-A922-C5AE9EC7797B}.Release|Any CPU.ActiveCfg = Release|Any CPU
		{4913D893-3571-4780-A922-C5AE9EC7797B}.Release|Any CPU.Build.0 = Release|Any CPU
	EndGlobalSection
	GlobalSection(SolutionProperties) = preSolution
		HideSolutionNode = FALSE
	EndGlobalSection
	GlobalSection(ExtensibilityGlobals) = postSolution
		SolutionGuid = {BACD5FBF-FC89-4FC1-899D-39EAD9EF5C8B}
	EndGlobalSection
EndGlobal
